
Microsoft Visual Studio Solution File, Format Version 12.00
# Visual Studio Version 16
VisualStudioVersion = 16.0.31313.79
MinimumVisualStudioVersion = 10.0.40219.1
Project("{FAE04EC0-301F-11D3-BF4B-00C04F79EFBC}") = "YemekTarifSitesi", "YemekTarifSitesi\YemekTarifSitesi.csproj", "{D7D9EFEE-145C-4996-9CEA-22B4D4347F8E}"
EndProject
Global
	GlobalSection(SolutionConfigurationPlatforms) = preSolution
		Debug|Any CPU = Debug|Any CPU
		Release|Any CPU = Release|Any CPU
	EndGlobalSection
	GlobalSection(ProjectConfigurationPlatforms) = postSolution
		{D7D9EFEE-145C-4996-9CEA-22B4D4347F8E}.Debug|Any CPU.ActiveCfg = Debug|Any CPU
		{D7D9EFEE-145C-4996-9CEA-22B4D4347F8E}.Debug|Any CPU.Build.0 = Debug|Any CPU
		{D7D9EFEE-145C-4996-9CEA-22B4D4347F8E}.Release|Any CPU.ActiveCfg = Release|Any CPU
		{D7D9EFEE-145C-4996-9CEA-22B4D4347F8E}.Release|Any CPU.Build.0 = Release|Any CPU
	EndGlobalSection
	GlobalSection(SolutionProperties) = preSolution
		HideSolutionNode = FALSE
	EndGlobalSection
	GlobalSection(ExtensibilityGlobals) = postSolution
		SolutionGuid = {8A45ADAA-69EE-4B17-8748-6F4495FB4F6B}
	EndGlobalSection
EndGlobal
